PODS:
  - LGPromptViewModule (0.2.1)

DEPENDENCIES:
  - LGPromptViewModule (from `../`)

EXTERNAL SOURCES:
  LGPromptViewModule:
    :path: "../"

SPEC CHECKSUMS:
  LGPromptViewModule: f8187bd8db6ad9651f8b5b835b615889152a863f

PODFILE CHECKSUM: 2646bad3d0d676978a3064327f1694e9ae5ae5a8

COCOAPODS: 1.6.0.beta.1
